
Microsoft Visual Studio Solution File, Format Version 12.00
# Visual Studio Version 17
VisualStudioVersion = 17.6.33815.320
MinimumVisualStudioVersion = 10.0.40219.1
Project("{FAE04EC0-301F-11D3-BF4B-00C04F79EFBC}") = "SkillFactory-Module-14", "SkillFactory-Module-14\SkillFactory-Module-14.csproj", "{672B17CE-6D95-42DB-8BD0-F2C6084A5CDE}"
EndProject
Global
	GlobalSection(SolutionConfigurationPlatforms) = preSolution
		Debug|Any CPU = Debug|Any CPU
		Release|Any CPU = Release|Any CPU
	EndGlobalSection
	GlobalSection(ProjectConfigurationPlatforms) = postSolution
		{672B17CE-6D95-42DB-8BD0-F2C6084A5CDE}.Debug|Any CPU.ActiveCfg = Debug|Any CPU
		{672B17CE-6D95-42DB-8BD0-F2C6084A5CDE}.Debug|Any CPU.Build.0 = Debug|Any CPU
		{672B17CE-6D95-42DB-8BD0-F2C6084A5CDE}.Release|Any CPU.ActiveCfg = Release|Any CPU
		{672B17CE-6D95-42DB-8BD0-F2C6084A5CDE}.Release|Any CPU.Build.0 = Release|Any CPU
	EndGlobalSection
	GlobalSection(SolutionProperties) = preSolution
		HideSolutionNode = FALSE
	EndGlobalSection
	GlobalSection(ExtensibilityGlobals) = postSolution
		SolutionGuid = {3E07BF32-707D-4361-8E37-E01AC8DC3C2E}
	EndGlobalSection
EndGlobal
